
Microsoft Visual Studio Solution File, Format Version 12.00
Project("{FAE04EC0-301F-11D3-BF4B-00C04F79EFBC}") = "Extensions.Configuration", "Configuration\Extensions.Configuration.csproj", "{458A593C-8D6F-44C3-9D0D-C4DC33976516}"
EndProject
Project("{FAE04EC0-301F-11D3-BF4B-00C04F79EFBC}") = "Extensions.AspNetCore", "AspNetCore\Extensions.AspNetCore.csproj", "{7C1E58A4-E911-494C-919C-4725661D049A}"
EndProject
Project("{FAE04EC0-301F-11D3-BF4B-00C04F79EFBC}") = "Extensions.Serilog", "Serilog\Extensions.Serilog.csproj", "{6F16FB55-4687-456D-971A-084FDE786841}"
EndProject
Global
	GlobalSection(SolutionConfigurationPlatforms) = preSolution
		Debug|Any CPU = Debug|Any CPU
		Release|Any CPU = Release|Any CPU
	EndGlobalSection
	GlobalSection(ProjectConfigurationPlatforms) = postSolution
		{458A593C-8D6F-44C3-9D0D-C4DC33976516}.Debug|Any CPU.ActiveCfg = Debug|Any CPU
		{458A593C-8D6F-44C3-9D0D-C4DC33976516}.Debug|Any CPU.Build.0 = Debug|Any CPU
		{458A593C-8D6F-44C3-9D0D-C4DC33976516}.Release|Any CPU.ActiveCfg = Release|Any CPU
		{458A593C-8D6F-44C3-9D0D-C4DC33976516}.Release|Any CPU.Build.0 = Release|Any CPU
		{7C1E58A4-E911-494C-919C-4725661D049A}.Debug|Any CPU.ActiveCfg = Debug|Any CPU
		{7C1E58A4-E911-494C-919C-4725661D049A}.Debug|Any CPU.Build.0 = Debug|Any CPU
		{7C1E58A4-E911-494C-919C-4725661D049A}.Release|Any CPU.ActiveCfg = Release|Any CPU
		{7C1E58A4-E911-494C-919C-4725661D049A}.Release|Any CPU.Build.0 = Release|Any CPU
		{6F16FB55-4687-456D-971A-084FDE786841}.Debug|Any CPU.ActiveCfg = Debug|Any CPU
		{6F16FB55-4687-456D-971A-084FDE786841}.Debug|Any CPU.Build.0 = Debug|Any CPU
		{6F16FB55-4687-456D-971A-084FDE786841}.Release|Any CPU.ActiveCfg = Release|Any CPU
		{6F16FB55-4687-456D-971A-084FDE786841}.Release|Any CPU.Build.0 = Release|Any CPU
	EndGlobalSection
EndGlobal
