
Microsoft Visual Studio Solution File, Format Version 12.00
Project("{FAE04EC0-301F-11D3-BF4B-00C04F79EFBC}") = "Configuration", "Configuration\Configuration.csproj", "{458A593C-8D6F-44C3-9D0D-C4DC33976516}"
EndProject
Project("{FAE04EC0-301F-11D3-BF4B-00C04F79EFBC}") = "AspNetCore", "AspNetCore\AspNetCore.csproj", "{7C1E58A4-E911-494C-919C-4725661D049A}"
EndProject
Global
	GlobalSection(SolutionConfigurationPlatforms) = preSolution
		Debug|Any CPU = Debug|Any CPU
		Release|Any CPU = Release|Any CPU
	EndGlobalSection
	GlobalSection(ProjectConfigurationPlatforms) = postSolution
		{458A593C-8D6F-44C3-9D0D-C4DC33976516}.Debug|Any CPU.ActiveCfg = Debug|Any CPU
		{458A593C-8D6F-44C3-9D0D-C4DC33976516}.Debug|Any CPU.Build.0 = Debug|Any CPU
		{458A593C-8D6F-44C3-9D0D-C4DC33976516}.Release|Any CPU.ActiveCfg = Release|Any CPU
		{458A593C-8D6F-44C3-9D0D-C4DC33976516}.Release|Any CPU.Build.0 = Release|Any CPU
		{7C1E58A4-E911-494C-919C-4725661D049A}.Debug|Any CPU.ActiveCfg = Debug|Any CPU
		{7C1E58A4-E911-494C-919C-4725661D049A}.Debug|Any CPU.Build.0 = Debug|Any CPU
		{7C1E58A4-E911-494C-919C-4725661D049A}.Release|Any CPU.ActiveCfg = Release|Any CPU
		{7C1E58A4-E911-494C-919C-4725661D049A}.Release|Any CPU.Build.0 = Release|Any CPU
	EndGlobalSection
EndGlobal
