
Microsoft Visual Studio Solution File, Format Version 12.00
Project("{FAE04EC0-301F-11D3-BF4B-00C04F79EFBC}") = "Extensions.Configuration", "Configuration\Extensions.Configuration.csproj", "{458A593C-8D6F-44C3-9D0D-C4DC33976516}"
EndProject
Project("{FAE04EC0-301F-11D3-BF4B-00C04F79EFBC}") = "Extensions.AspNetCore", "AspNetCore\Extensions.AspNetCore.csproj", "{7C1E58A4-E911-494C-919C-4725661D049A}"
EndProject
Project("{FAE04EC0-301F-11D3-BF4B-00C04F79EFBC}") = "Extensions.Serilog.Seq", "Serilog.Seq\Extensions.Serilog.Seq.csproj", "{869CB9C0-CBD8-4414-B2D5-6A5F093CA80D}"
EndProject
Project("{FAE04EC0-301F-11D3-BF4B-00C04F79EFBC}") = "Extensions.Serilog.Systemd", "Serilog.Systemd\Extensions.Serilog.Systemd.csproj", "{3F574F98-AEC5-452F-9CE7-E7B6804EDC43}"
EndProject
Project("{FAE04EC0-301F-11D3-BF4B-00C04F79EFBC}") = "Extensions.Configuration.Vault", "Configuration.Vault\Extensions.Configuration.Vault.csproj", "{FD015C3F-C5C5-4D9E-849B-4DD58312F224}"
EndProject
Global
	GlobalSection(SolutionConfigurationPlatforms) = preSolution
		Debug|Any CPU = Debug|Any CPU
		Release|Any CPU = Release|Any CPU
	EndGlobalSection
	GlobalSection(ProjectConfigurationPlatforms) = postSolution
		{458A593C-8D6F-44C3-9D0D-C4DC33976516}.Debug|Any CPU.ActiveCfg = Debug|Any CPU
		{458A593C-8D6F-44C3-9D0D-C4DC33976516}.Debug|Any CPU.Build.0 = Debug|Any CPU
		{458A593C-8D6F-44C3-9D0D-C4DC33976516}.Release|Any CPU.ActiveCfg = Release|Any CPU
		{458A593C-8D6F-44C3-9D0D-C4DC33976516}.Release|Any CPU.Build.0 = Release|Any CPU
		{7C1E58A4-E911-494C-919C-4725661D049A}.Debug|Any CPU.ActiveCfg = Debug|Any CPU
		{7C1E58A4-E911-494C-919C-4725661D049A}.Debug|Any CPU.Build.0 = Debug|Any CPU
		{7C1E58A4-E911-494C-919C-4725661D049A}.Release|Any CPU.ActiveCfg = Release|Any CPU
		{7C1E58A4-E911-494C-919C-4725661D049A}.Release|Any CPU.Build.0 = Release|Any CPU
		{869CB9C0-CBD8-4414-B2D5-6A5F093CA80D}.Debug|Any CPU.ActiveCfg = Debug|Any CPU
		{869CB9C0-CBD8-4414-B2D5-6A5F093CA80D}.Debug|Any CPU.Build.0 = Debug|Any CPU
		{869CB9C0-CBD8-4414-B2D5-6A5F093CA80D}.Release|Any CPU.ActiveCfg = Release|Any CPU
		{869CB9C0-CBD8-4414-B2D5-6A5F093CA80D}.Release|Any CPU.Build.0 = Release|Any CPU
		{3F574F98-AEC5-452F-9CE7-E7B6804EDC43}.Debug|Any CPU.ActiveCfg = Debug|Any CPU
		{3F574F98-AEC5-452F-9CE7-E7B6804EDC43}.Debug|Any CPU.Build.0 = Debug|Any CPU
		{3F574F98-AEC5-452F-9CE7-E7B6804EDC43}.Release|Any CPU.ActiveCfg = Release|Any CPU
		{3F574F98-AEC5-452F-9CE7-E7B6804EDC43}.Release|Any CPU.Build.0 = Release|Any CPU
		{FD015C3F-C5C5-4D9E-849B-4DD58312F224}.Debug|Any CPU.ActiveCfg = Debug|Any CPU
		{FD015C3F-C5C5-4D9E-849B-4DD58312F224}.Debug|Any CPU.Build.0 = Debug|Any CPU
		{FD015C3F-C5C5-4D9E-849B-4DD58312F224}.Release|Any CPU.ActiveCfg = Release|Any CPU
		{FD015C3F-C5C5-4D9E-849B-4DD58312F224}.Release|Any CPU.Build.0 = Release|Any CPU
	EndGlobalSection
EndGlobal
